// !$*UTF8*$!
{
	archiveVersion = 1;
	classes = {
	};
	objectVersion = 60;
	objects = {

/* Begin PBXBuildFile section */
		A93552882C42B40600FDB40E /* MockData.swift in Sources */ = {isa = PBXBuildFile; fileRef = A93552872C42B40600FDB40E /* MockData.swift */; };
		A95CB0552C39D39D00385DCB /* RepoWatcherApp.swift in Sources */ = {isa = PBXBuildFile; fileRef = A95CB0542C39D39D00385DCB /* RepoWatcherApp.swift */; };
		A95CB0572C39D39D00385DCB /* ContentView.swift in Sources */ = {isa = PBXBuildFile; fileRef = A95CB0562C39D39D00385DCB /* ContentView.swift */; };
		A95CB0592C39D39F00385DCB /* Assets.xcassets in Resources */ = {isa = PBXBuildFile; fileRef = A95CB0582C39D39F00385DCB /* Assets.xcassets */; };
		A95CB05C2C39D39F00385DCB /* Preview Assets.xcassets in Resources */ = {isa = PBXBuildFile; fileRef = A95CB05B2C39D39F00385DCB /* Preview Assets.xcassets */; };
		A9652F3C2C3DCECC00CDB0C9 /* Repository.swift in Sources */ = {isa = PBXBuildFile; fileRef = A9652F3B2C3DCECC00CDB0C9 /* Repository.swift */; };
		A9652F3D2C3DCECC00CDB0C9 /* Repository.swift in Sources */ = {isa = PBXBuildFile; fileRef = A9652F3B2C3DCECC00CDB0C9 /* Repository.swift */; };
		A96566602C454DA6005EC78A /* SingleRepoWidget.swift in Sources */ = {isa = PBXBuildFile; fileRef = A965665F2C454DA6005EC78A /* SingleRepoWidget.swift */; };
		A96566622C45592D005EC78A /* ContributorMediumView.swift in Sources */ = {isa = PBXBuildFile; fileRef = A96566612C45592D005EC78A /* ContributorMediumView.swift */; };
		A987779C2C3F25C700F64804 /* NetworkManager.swift in Sources */ = {isa = PBXBuildFile; fileRef = A987779B2C3F25C700F64804 /* NetworkManager.swift */; };
		A987779D2C3F25C700F64804 /* NetworkManager.swift in Sources */ = {isa = PBXBuildFile; fileRef = A987779B2C3F25C700F64804 /* NetworkManager.swift */; };
		A98D480F2C3B1C6F00FA184F /* WidgetKit.framework in Frameworks */ = {isa = PBXBuildFile; fileRef = A98D480E2C3B1C6E00FA184F /* WidgetKit.framework */; };
		A98D48112C3B1C6F00FA184F /* SwiftUI.framework in Frameworks */ = {isa = PBXBuildFile; fileRef = A98D48102C3B1C6F00FA184F /* SwiftUI.framework */; };
		A98D48142C3B1C6F00FA184F /* RepoWatcherWidgetBundle.swift in Sources */ = {isa = PBXBuildFile; fileRef = A98D48132C3B1C6F00FA184F /* RepoWatcherWidgetBundle.swift */; };
		A98D48162C3B1C6F00FA184F /* CompactRepoWidget.swift in Sources */ = {isa = PBXBuildFile; fileRef = A98D48152C3B1C6F00FA184F /* CompactRepoWidget.swift */; };
		A98D48182C3B1C6F00FA184F /* Assets.xcassets in Resources */ = {isa = PBXBuildFile; fileRef = A98D48172C3B1C6F00FA184F /* Assets.xcassets */; };
		A98D481C2C3B1C6F00FA184F /* RepoWatcherWidgetExtension.appex in Embed Foundation Extensions */ = {isa = PBXBuildFile; fileRef = A98D480C2C3B1C6E00FA184F /* RepoWatcherWidgetExtension.appex */; settings = {ATTRIBUTES = (RemoveHeadersOnCopy, ); }; };
		A99E8D322C3FFE5000028375 /* RepoMediumView.swift in Sources */ = {isa = PBXBuildFile; fileRef = A99E8D312C3FFE5000028375 /* RepoMediumView.swift */; };
		A9A622452C4A804A00CDB00D /* UserDefaults+Ext.swift in Sources */ = {isa = PBXBuildFile; fileRef = A9A622442C4A804A00CDB00D /* UserDefaults+Ext.swift */; };
		A9A622462C4A804A00CDB00D /* UserDefaults+Ext.swift in Sources */ = {isa = PBXBuildFile; fileRef = A9A622442C4A804A00CDB00D /* UserDefaults+Ext.swift */; };
		A9B38D632C46FB3F00491D8A /* Contributor.swift in Sources */ = {isa = PBXBuildFile; fileRef = A9B38D622C46FB3F00491D8A /* Contributor.swift */; };
		A9B38D642C46FB3F00491D8A /* Contributor.swift in Sources */ = {isa = PBXBuildFile; fileRef = A9B38D622C46FB3F00491D8A /* Contributor.swift */; };
/* End PBXBuildFile section */

/* Begin PBXContainerItemProxy section */
		A98D481A2C3B1C6F00FA184F /* PBXContainerItemProxy */ = {
			isa = PBXContainerItemProxy;
			containerPortal = A95CB0492C39D39D00385DCB /* Project object */;
			proxyType = 1;
			remoteGlobalIDString = A98D480B2C3B1C6E00FA184F;
			remoteInfo = RepoWatcherWidgetExtension;
		};
/* End PBXContainerItemProxy section */

/* Begin PBXCopyFilesBuildPhase section */
		A98D481D2C3B1C6F00FA184F /* Embed Foundation Extensions */ = {
			isa = PBXCopyFilesBuildPhase;
			buildActionMask = 2147483647;
			dstPath = "";
			dstSubfolderSpec = 13;
			files = (
				A98D481C2C3B1C6F00FA184F /* RepoWatcherWidgetExtension.appex in Embed Foundation Extensions */,
			);
			name = "Embed Foundation Extensions";
			runOnlyForDeploymentPostprocessing = 0;
		};
/* End PBXCopyFilesBuildPhase section */

/* Begin PBXFileReference section */
		A93552872C42B40600FDB40E /* MockData.swift */ = {isa = PBXFileReference; lastKnownFileType = sourcecode.swift; path = MockData.swift; sourceTree = "<group>"; };
		A95CB0512C39D39D00385DCB /* RepoWatcher.app */ = {isa = PBXFileReference; explicitFileType = wrapper.application; includeInIndex = 0; path = RepoWatcher.app; sourceTree = BUILT_PRODUCTS_DIR; };
		A95CB0542C39D39D00385DCB /* RepoWatcherApp.swift */ = {isa = PBXFileReference; lastKnownFileType = sourcecode.swift; path = RepoWatcherApp.swift; sourceTree = "<group>"; };
		A95CB0562C39D39D00385DCB /* ContentView.swift */ = {isa = PBXFileReference; lastKnownFileType = sourcecode.swift; path = ContentView.swift; sourceTree = "<group>"; };
		A95CB0582C39D39F00385DCB /* Assets.xcassets */ = {isa = PBXFileReference; lastKnownFileType = folder.assetcatalog; path = Assets.xcassets; sourceTree = "<group>"; };
		A95CB05B2C39D39F00385DCB /* Preview Assets.xcassets */ = {isa = PBXFileReference; lastKnownFileType = folder.assetcatalog; path = "Preview Assets.xcassets"; sourceTree = "<group>"; };
		A9652F3B2C3DCECC00CDB0C9 /* Repository.swift */ = {isa = PBXFileReference; lastKnownFileType = sourcecode.swift; path = Repository.swift; sourceTree = "<group>"; };
		A965665F2C454DA6005EC78A /* SingleRepoWidget.swift */ = {isa = PBXFileReference; lastKnownFileType = sourcecode.swift; path = SingleRepoWidget.swift; sourceTree = "<group>"; };
		A96566612C45592D005EC78A /* ContributorMediumView.swift */ = {isa = PBXFileReference; lastKnownFileType = sourcecode.swift; path = ContributorMediumView.swift; sourceTree = "<group>"; };
		A987779B2C3F25C700F64804 /* NetworkManager.swift */ = {isa = PBXFileReference; lastKnownFileType = sourcecode.swift; path = NetworkManager.swift; sourceTree = "<group>"; };
		A98D480C2C3B1C6E00FA184F /* RepoWatcherWidgetExtension.appex */ = {isa = PBXFileReference; explicitFileType = "wrapper.app-extension"; includeInIndex = 0; path = RepoWatcherWidgetExtension.appex; sourceTree = BUILT_PRODUCTS_DIR; };
		A98D480E2C3B1C6E00FA184F /* WidgetKit.framework */ = {isa = PBXFileReference; lastKnownFileType = wrapper.framework; name = WidgetKit.framework; path = System/Library/Frameworks/WidgetKit.framework; sourceTree = SDKROOT; };
		A98D48102C3B1C6F00FA184F /* SwiftUI.framework */ = {isa = PBXFileReference; lastKnownFileType = wrapper.framework; name = SwiftUI.framework; path = System/Library/Frameworks/SwiftUI.framework; sourceTree = SDKROOT; };
		A98D48132C3B1C6F00FA184F /* RepoWatcherWidgetBundle.swift */ = {isa = PBXFileReference; lastKnownFileType = sourcecode.swift; path = RepoWatcherWidgetBundle.swift; sourceTree = "<group>"; };
		A98D48152C3B1C6F00FA184F /* CompactRepoWidget.swift */ = {isa = PBXFileReference; lastKnownFileType = sourcecode.swift; path = CompactRepoWidget.swift; sourceTree = "<group>"; };
		A98D48172C3B1C6F00FA184F /* Assets.xcassets */ = {isa = PBXFileReference; lastKnownFileType = folder.assetcatalog; path = Assets.xcassets; sourceTree = "<group>"; };
		A98D48192C3B1C6F00FA184F /* Info.plist */ = {isa = PBXFileReference; lastKnownFileType = text.plist.xml; path = Info.plist; sourceTree = "<group>"; };
		A99E8D312C3FFE5000028375 /* RepoMediumView.swift */ = {isa = PBXFileReference; lastKnownFileType = sourcecode.swift; path = RepoMediumView.swift; sourceTree = "<group>"; };
		A9A622432C4A7F7800CDB00D /* RepoWatcher.entitlements */ = {isa = PBXFileReference; lastKnownFileType = text.plist.entitlements; path = RepoWatcher.entitlements; sourceTree = "<group>"; };
		A9A622442C4A804A00CDB00D /* UserDefaults+Ext.swift */ = {isa = PBXFileReference; lastKnownFileType = sourcecode.swift; path = "UserDefaults+Ext.swift"; sourceTree = "<group>"; };
		A9B38D622C46FB3F00491D8A /* Contributor.swift */ = {isa = PBXFileReference; lastKnownFileType = sourcecode.swift; path = Contributor.swift; sourceTree = "<group>"; };
/* End PBXFileReference section */

/* Begin PBXFrameworksBuildPhase section */
		A95CB04E2C39D39D00385DCB /* Frameworks */ = {
			isa = PBXFrameworksBuildPhase;
			buildActionMask = 2147483647;
			files = (
			);
			runOnlyForDeploymentPostprocessing = 0;
		};
		A98D48092C3B1C6E00FA184F /* Frameworks */ = {
			isa = PBXFrameworksBuildPhase;
			buildActionMask = 2147483647;
			files = (
				A98D48112C3B1C6F00FA184F /* SwiftUI.framework in Frameworks */,
				A98D480F2C3B1C6F00FA184F /* WidgetKit.framework in Frameworks */,
			);
			runOnlyForDeploymentPostprocessing = 0;
		};
/* End PBXFrameworksBuildPhase section */

/* Begin PBXGroup section */
		A93552862C42B3F600FDB40E /* Mock */ = {
			isa = PBXGroup;
			children = (
				A93552872C42B40600FDB40E /* MockData.swift */,
			);
			path = Mock;
			sourceTree = "<group>";
		};
		A95CB0482C39D39D00385DCB = {
			isa = PBXGroup;
			children = (
				A95CB0532C39D39D00385DCB /* RepoWatcher */,
				A98D48122C3B1C6F00FA184F /* RepoWatcherWidget */,
				A98D480D2C3B1C6E00FA184F /* Frameworks */,
				A95CB0522C39D39D00385DCB /* Products */,
			);
			sourceTree = "<group>";
		};
		A95CB0522C39D39D00385DCB /* Products */ = {
			isa = PBXGroup;
			children = (
				A95CB0512C39D39D00385DCB /* RepoWatcher.app */,
				A98D480C2C3B1C6E00FA184F /* RepoWatcherWidgetExtension.appex */,
			);
			name = Products;
			sourceTree = "<group>";
		};
		A95CB0532C39D39D00385DCB /* RepoWatcher */ = {
			isa = PBXGroup;
			children = (
				A9A622432C4A7F7800CDB00D /* RepoWatcher.entitlements */,
				A95CB0542C39D39D00385DCB /* RepoWatcherApp.swift */,
				A95CB0562C39D39D00385DCB /* ContentView.swift */,
				A9652F3B2C3DCECC00CDB0C9 /* Repository.swift */,
				A9B38D622C46FB3F00491D8A /* Contributor.swift */,
				A9A622442C4A804A00CDB00D /* UserDefaults+Ext.swift */,
				A987779B2C3F25C700F64804 /* NetworkManager.swift */,
				A95CB0582C39D39F00385DCB /* Assets.xcassets */,
				A95CB05A2C39D39F00385DCB /* Preview Content */,
			);
			path = RepoWatcher;
			sourceTree = "<group>";
		};
		A95CB05A2C39D39F00385DCB /* Preview Content */ = {
			isa = PBXGroup;
			children = (
				A95CB05B2C39D39F00385DCB /* Preview Assets.xcassets */,
			);
			path = "Preview Content";
			sourceTree = "<group>";
		};
		A98D480D2C3B1C6E00FA184F /* Frameworks */ = {
			isa = PBXGroup;
			children = (
				A98D480E2C3B1C6E00FA184F /* WidgetKit.framework */,
				A98D48102C3B1C6F00FA184F /* SwiftUI.framework */,
			);
			name = Frameworks;
			sourceTree = "<group>";
		};
		A98D48122C3B1C6F00FA184F /* RepoWatcherWidget */ = {
			isa = PBXGroup;
			children = (
				A98D48132C3B1C6F00FA184F /* RepoWatcherWidgetBundle.swift */,
				A9A622472C4A998800CDB00D /* Widgets */,
				A9A622482C4A999800CDB00D /* Views */,
				A93552862C42B3F600FDB40E /* Mock */,
				A98D48172C3B1C6F00FA184F /* Assets.xcassets */,
				A98D48192C3B1C6F00FA184F /* Info.plist */,
			);
			path = RepoWatcherWidget;
			sourceTree = "<group>";
		};
		A9A622472C4A998800CDB00D /* Widgets */ = {
			isa = PBXGroup;
			children = (
				A98D48152C3B1C6F00FA184F /* CompactRepoWidget.swift */,
				A965665F2C454DA6005EC78A /* SingleRepoWidget.swift */,
			);
			path = Widgets;
			sourceTree = "<group>";
		};
		A9A622482C4A999800CDB00D /* Views */ = {
			isa = PBXGroup;
			children = (
				A99E8D312C3FFE5000028375 /* RepoMediumView.swift */,
				A96566612C45592D005EC78A /* ContributorMediumView.swift */,
			);
			path = Views;
			sourceTree = "<group>";
		};
/* End PBXGroup section */

/* Begin PBXNativeTarget section */
		A95CB0502C39D39D00385DCB /* RepoWatcher */ = {
			isa = PBXNativeTarget;
			buildConfigurationList = A95CB05F2C39D39F00385DCB /* Build configuration list for PBXNativeTarget "RepoWatcher" */;
			buildPhases = (
				A95CB04D2C39D39D00385DCB /* Sources */,
				A95CB04E2C39D39D00385DCB /* Frameworks */,
				A95CB04F2C39D39D00385DCB /* Resources */,
				A98D481D2C3B1C6F00FA184F /* Embed Foundation Extensions */,
			);
			buildRules = (
			);
			dependencies = (
				A98D481B2C3B1C6F00FA184F /* PBXTargetDependency */,
			);
			name = RepoWatcher;
			productName = RepoWatcher;
			productReference = A95CB0512C39D39D00385DCB /* RepoWatcher.app */;
			productType = "com.apple.product-type.application";
		};
		A98D480B2C3B1C6E00FA184F /* RepoWatcherWidgetExtension */ = {
			isa = PBXNativeTarget;
			buildConfigurationList = A98D48202C3B1C6F00FA184F /* Build configuration list for PBXNativeTarget "RepoWatcherWidgetExtension" */;
			buildPhases = (
				A98D48082C3B1C6E00FA184F /* Sources */,
				A98D48092C3B1C6E00FA184F /* Frameworks */,
				A98D480A2C3B1C6E00FA184F /* Resources */,
			);
			buildRules = (
			);
			dependencies = (
			);
			name = RepoWatcherWidgetExtension;
			productName = RepoWatcherWidgetExtension;
			productReference = A98D480C2C3B1C6E00FA184F /* RepoWatcherWidgetExtension.appex */;
			productType = "com.apple.product-type.app-extension";
		};
/* End PBXNativeTarget section */

/* Begin PBXProject section */
		A95CB0492C39D39D00385DCB /* Project object */ = {
			isa = PBXProject;
			attributes = {
				BuildIndependentTargetsInParallel = 1;
				LastSwiftUpdateCheck = 1600;
				LastUpgradeCheck = 1600;
				TargetAttributes = {
					A95CB0502C39D39D00385DCB = {
						CreatedOnToolsVersion = 16.0;
					};
					A98D480B2C3B1C6E00FA184F = {
						CreatedOnToolsVersion = 16.0;
					};
				};
			};
			buildConfigurationList = A95CB04C2C39D39D00385DCB /* Build configuration list for PBXProject "RepoWatcher" */;
			compatibilityVersion = "Xcode 15.0";
			developmentRegion = en;
			hasScannedForEncodings = 0;
			knownRegions = (
				en,
				Base,
			);
			mainGroup = A95CB0482C39D39D00385DCB;
			productRefGroup = A95CB0522C39D39D00385DCB /* Products */;
			projectDirPath = "";
			projectRoot = "";
			targets = (
				A95CB0502C39D39D00385DCB /* RepoWatcher */,
				A98D480B2C3B1C6E00FA184F /* RepoWatcherWidgetExtension */,
			);
		};
/* End PBXProject section */

/* Begin PBXResourcesBuildPhase section */
		A95CB04F2C39D39D00385DCB /* Resources */ = {
			isa = PBXResourcesBuildPhase;
			buildActionMask = 2147483647;
			files = (
				A95CB05C2C39D39F00385DCB /* Preview Assets.xcassets in Resources */,
				A95CB0592C39D39F00385DCB /* Assets.xcassets in Resources */,
			);
			runOnlyForDeploymentPostprocessing = 0;
		};
		A98D480A2C3B1C6E00FA184F /* Resources */ = {
			isa = PBXResourcesBuildPhase;
			buildActionMask = 2147483647;
			files = (
				A98D48182C3B1C6F00FA184F /* Assets.xcassets in Resources */,
			);
			runOnlyForDeploymentPostprocessing = 0;
		};
/* End PBXResourcesBuildPhase section */

/* Begin PBXSourcesBuildPhase section */
		A95CB04D2C39D39D00385DCB /* Sources */ = {
			isa = PBXSourcesBuildPhase;
			buildActionMask = 2147483647;
			files = (
				A987779D2C3F25C700F64804 /* NetworkManager.swift in Sources */,
				A9B38D632C46FB3F00491D8A /* Contributor.swift in Sources */,
				A9A622452C4A804A00CDB00D /* UserDefaults+Ext.swift in Sources */,
				A95CB0572C39D39D00385DCB /* ContentView.swift in Sources */,
				A95CB0552C39D39D00385DCB /* RepoWatcherApp.swift in Sources */,
				A9652F3D2C3DCECC00CDB0C9 /* Repository.swift in Sources */,
			);
			runOnlyForDeploymentPostprocessing = 0;
		};
		A98D48082C3B1C6E00FA184F /* Sources */ = {
			isa = PBXSourcesBuildPhase;
			buildActionMask = 2147483647;
			files = (
				A96566602C454DA6005EC78A /* SingleRepoWidget.swift in Sources */,
				A9B38D642C46FB3F00491D8A /* Contributor.swift in Sources */,
				A987779C2C3F25C700F64804 /* NetworkManager.swift in Sources */,
				A93552882C42B40600FDB40E /* MockData.swift in Sources */,
				A99E8D322C3FFE5000028375 /* RepoMediumView.swift in Sources */,
				A98D48162C3B1C6F00FA184F /* CompactRepoWidget.swift in Sources */,
				A96566622C45592D005EC78A /* ContributorMediumView.swift in Sources */,
				A98D48142C3B1C6F00FA184F /* RepoWatcherWidgetBundle.swift in Sources */,
				A9A622462C4A804A00CDB00D /* UserDefaults+Ext.swift in Sources */,
				A9652F3C2C3DCECC00CDB0C9 /* Repository.swift in Sources */,
			);
			runOnlyForDeploymentPostprocessing = 0;
		};
/* End PBXSourcesBuildPhase section */

/* Begin PBXTargetDependency section */
		A98D481B2C3B1C6F00FA184F /* PBXTargetDependency */ = {
			isa = PBXTargetDependency;
			target = A98D480B2C3B1C6E00FA184F /* RepoWatcherWidgetExtension */;
			targetProxy = A98D481A2C3B1C6F00FA184F /* PBXContainerItemProxy */;
		};
/* End PBXTargetDependency section */

/* Begin XCBuildConfiguration section */
		A95CB05D2C39D39F00385DCB /* Debug */ = {
			isa = XCBuildConfiguration;
			buildSettings = {
				ALWAYS_SEARCH_USER_PATHS = NO;
				ASSETCATALOG_COMPILER_GENERATE_SWIFT_ASSET_SYMBOL_EXTENSIONS = YES;
				CLANG_ANALYZER_NONNULL = YES;
				CLANG_ANALYZER_NUMBER_OBJECT_CONVERSION = YES_AGGRESSIVE;
				CLANG_CXX_LANGUAGE_STANDARD = "gnu++20";
				CLANG_ENABLE_MODULES = YES;
				CLANG_ENABLE_OBJC_ARC = YES;
				CLANG_ENABLE_OBJC_WEAK = YES;
				CLANG_WARN_BLOCK_CAPTURE_AUTORELEASING = YES;
				CLANG_WARN_BOOL_CONVERSION = YES;
				CLANG_WARN_COMMA = YES;
				CLANG_WARN_CONSTANT_CONVERSION = YES;
				CLANG_WARN_DEPRECATED_OBJC_IMPLEMENTATIONS = YES;
				CLANG_WARN_DIRECT_OBJC_ISA_USAGE = YES_ERROR;
				CLANG_WARN_DOCUMENTATION_COMMENTS = YES;
				CLANG_WARN_EMPTY_BODY = YES;
				CLANG_WARN_ENUM_CONVERSION = YES;
				CLANG_WARN_INFINITE_RECURSION = YES;
				CLANG_WARN_INT_CONVERSION = YES;
				CLANG_WARN_NON_LITERAL_NULL_CONVERSION = YES;
				CLANG_WARN_OBJC_IMPLICIT_RETAIN_SELF = YES;
				CLANG_WARN_OBJC_LITERAL_CONVERSION = YES;
				CLANG_WARN_OBJC_ROOT_CLASS = YES_ERROR;
				CLANG_WARN_QUOTED_INCLUDE_IN_FRAMEWORK_HEADER = YES;
				CLANG_WARN_RANGE_LOOP_ANALYSIS = YES;
				CLANG_WARN_STRICT_PROTOTYPES = YES;
				CLANG_WARN_SUSPICIOUS_MOVE = YES;
				CLANG_WARN_UNGUARDED_AVAILABILITY = YES_AGGRESSIVE;
				CLANG_WARN_UNREACHABLE_CODE = YES;
				CLANG_WARN__DUPLICATE_METHOD_MATCH = YES;
				COPY_PHASE_STRIP = NO;
				DEBUG_INFORMATION_FORMAT = dwarf;
				ENABLE_STRICT_OBJC_MSGSEND = YES;
				ENABLE_TESTABILITY = YES;
				ENABLE_USER_SCRIPT_SANDBOXING = YES;
				GCC_C_LANGUAGE_STANDARD = gnu17;
				GCC_DYNAMIC_NO_PIC = NO;
				GCC_NO_COMMON_BLOCKS = YES;
				GCC_OPTIMIZATION_LEVEL = 0;
				GCC_PREPROCESSOR_DEFINITIONS = (
					"DEBUG=1",
					"$(inherited)",
				);
				GCC_WARN_64_TO_32_BIT_CONVERSION = YES;
				GCC_WARN_ABOUT_RETURN_TYPE = YES_ERROR;
				GCC_WARN_UNDECLARED_SELECTOR = YES;
				GCC_WARN_UNINITIALIZED_AUTOS = YES_AGGRESSIVE;
				GCC_WARN_UNUSED_FUNCTION = YES;
				GCC_WARN_UNUSED_VARIABLE = YES;
				IPHONEOS_DEPLOYMENT_TARGET = 18.0;
				LOCALIZATION_PREFERS_STRING_CATALOGS = YES;
				MTL_ENABLE_DEBUG_INFO = INCLUDE_SOURCE;
				MTL_FAST_MATH = YES;
				ONLY_ACTIVE_ARCH = YES;
				SDKROOT = iphoneos;
				SWIFT_ACTIVE_COMPILATION_CONDITIONS = "DEBUG $(inherited)";
				SWIFT_OPTIMIZATION_LEVEL = "-Onone";
			};
			name = Debug;
		};
		A95CB05E2C39D39F00385DCB /* Release */ = {
			isa = XCBuildConfiguration;
			buildSettings = {
				ALWAYS_SEARCH_USER_PATHS = NO;
				ASSETCATALOG_COMPILER_GENERATE_SWIFT_ASSET_SYMBOL_EXTENSIONS = YES;
				CLANG_ANALYZER_NONNULL = YES;
				CLANG_ANALYZER_NUMBER_OBJECT_CONVERSION = YES_AGGRESSIVE;
				CLANG_CXX_LANGUAGE_STANDARD = "gnu++20";
				CLANG_ENABLE_MODULES = YES;
				CLANG_ENABLE_OBJC_ARC = YES;
				CLANG_ENABLE_OBJC_WEAK = YES;
				CLANG_WARN_BLOCK_CAPTURE_AUTORELEASING = YES;
				CLANG_WARN_BOOL_CONVERSION = YES;
				CLANG_WARN_COMMA = YES;
				CLANG_WARN_CONSTANT_CONVERSION = YES;
				CLANG_WARN_DEPRECATED_OBJC_IMPLEMENTATIONS = YES;
				CLANG_WARN_DIRECT_OBJC_ISA_USAGE = YES_ERROR;
				CLANG_WARN_DOCUMENTATION_COMMENTS = YES;
				CLANG_WARN_EMPTY_BODY = YES;
				CLANG_WARN_ENUM_CONVERSION = YES;
				CLANG_WARN_INFINITE_RECURSION = YES;
				CLANG_WARN_INT_CONVERSION = YES;
				CLANG_WARN_NON_LITERAL_NULL_CONVERSION = YES;
				CLANG_WARN_OBJC_IMPLICIT_RETAIN_SELF = YES;
				CLANG_WARN_OBJC_LITERAL_CONVERSION = YES;
				CLANG_WARN_OBJC_ROOT_CLASS = YES_ERROR;
				CLANG_WARN_QUOTED_INCLUDE_IN_FRAMEWORK_HEADER = YES;
				CLANG_WARN_RANGE_LOOP_ANALYSIS = YES;
				CLANG_WARN_STRICT_PROTOTYPES = YES;
				CLANG_WARN_SUSPICIOUS_MOVE = YES;
				CLANG_WARN_UNGUARDED_AVAILABILITY = YES_AGGRESSIVE;
				CLANG_WARN_UNREACHABLE_CODE = YES;
				CLANG_WARN__DUPLICATE_METHOD_MATCH = YES;
				COPY_PHASE_STRIP = NO;
				DEBUG_INFORMATION_FORMAT = "dwarf-with-dsym";
				ENABLE_NS_ASSERTIONS = NO;
				ENABLE_STRICT_OBJC_MSGSEND = YES;
				ENABLE_USER_SCRIPT_SANDBOXING = YES;
				GCC_C_LANGUAGE_STANDARD = gnu17;
				GCC_NO_COMMON_BLOCKS = YES;
				GCC_WARN_64_TO_32_BIT_CONVERSION = YES;
				GCC_WARN_ABOUT_RETURN_TYPE = YES_ERROR;
				GCC_WARN_UNDECLARED_SELECTOR = YES;
				GCC_WARN_UNINITIALIZED_AUTOS = YES_AGGRESSIVE;
				GCC_WARN_UNUSED_FUNCTION = YES;
				GCC_WARN_UNUSED_VARIABLE = YES;
				IPHONEOS_DEPLOYMENT_TARGET = 18.0;
				LOCALIZATION_PREFERS_STRING_CATALOGS = YES;
				MTL_ENABLE_DEBUG_INFO = NO;
				MTL_FAST_MATH = YES;
				SDKROOT = iphoneos;
				SWIFT_COMPILATION_MODE = wholemodule;
				VALIDATE_PRODUCT = YES;
			};
			name = Release;
		};
		A95CB0602C39D39F00385DCB /* Debug */ = {
			isa = XCBuildConfiguration;
			buildSettings = {
				ASSETCATALOG_COMPILER_APPICON_NAME = AppIcon;
				ASSETCATALOG_COMPILER_GLOBAL_ACCENT_COLOR_NAME = AccentColor;
				CODE_SIGN_ENTITLEMENTS = RepoWatcher/RepoWatcher.entitlements;
				CODE_SIGN_STYLE = Automatic;
				CURRENT_PROJECT_VERSION = 1;
				DEVELOPMENT_ASSET_PATHS = "\"RepoWatcher/Preview Content\"";
				DEVELOPMENT_TEAM = B3YXFTQFW9;
				ENABLE_PREVIEWS = YES;
				GENERATE_INFOPLIST_FILE = YES;
				INFOPLIST_KEY_UIApplicationSceneManifest_Generation = YES;
				INFOPLIST_KEY_UIApplicationSupportsIndirectInputEvents = YES;
				INFOPLIST_KEY_UILaunchScreen_Generation = YES;
				INFOPLIST_KEY_UISupportedInterfaceOrientations_iPad = "UIInterfaceOrientationPortrait UIInterfaceOrientationPortraitUpsideDown UIInterfaceOrientationLandscapeLeft UIInterfaceOrientationLandscapeRight";
				INFOPLIST_KEY_UISupportedInterfaceOrientations_iPhone = "UIInterfaceOrientationPortrait UIInterfaceOrientationLandscapeLeft UIInterfaceOrientationLandscapeRight";
				LD_RUNPATH_SEARCH_PATHS = (
					"$(inherited)",
					"@executable_path/Frameworks",
				);
				MARKETING_VERSION = 1.0;
				PRODUCT_BUNDLE_IDENTIFIER = app.blur.RepoWatcher;
				PRODUCT_NAME = "$(TARGET_NAME)";
				SWIFT_EMIT_LOC_STRINGS = YES;
				SWIFT_VERSION = 5.0;
				TARGETED_DEVICE_FAMILY = "1,2";
			};
			name = Debug;
		};
		A95CB0612C39D39F00385DCB /* Release */ = {
			isa = XCBuildConfiguration;
			buildSettings = {
				ASSETCATALOG_COMPILER_APPICON_NAME = AppIcon;
				ASSETCATALOG_COMPILER_GLOBAL_ACCENT_COLOR_NAME = AccentColor;
				CODE_SIGN_ENTITLEMENTS = RepoWatcher/RepoWatcher.entitlements;
				CODE_SIGN_STYLE = Automatic;
				CURRENT_PROJECT_VERSION = 1;
				DEVELOPMENT_ASSET_PATHS = "\"RepoWatcher/Preview Content\"";
				DEVELOPMENT_TEAM = B3YXFTQFW9;
				ENABLE_PREVIEWS = YES;
				GENERATE_INFOPLIST_FILE = YES;
				INFOPLIST_KEY_UIApplicationSceneManifest_Generation = YES;
				INFOPLIST_KEY_UIApplicationSupportsIndirectInputEvents = YES;
				INFOPLIST_KEY_UILaunchScreen_Generation = YES;
				INFOPLIST_KEY_UISupportedInterfaceOrientations_iPad = "UIInterfaceOrientationPortrait UIInterfaceOrientationPortraitUpsideDown UIInterfaceOrientationLandscapeLeft UIInterfaceOrientationLandscapeRight";
				INFOPLIST_KEY_UISupportedInterfaceOrientations_iPhone = "UIInterfaceOrientationPortrait UIInterfaceOrientationLandscapeLeft UIInterfaceOrientationLandscapeRight";
				LD_RUNPATH_SEARCH_PATHS = (
					"$(inherited)",
					"@executable_path/Frameworks",
				);
				MARKETING_VERSION = 1.0;
				PRODUCT_BUNDLE_IDENTIFIER = app.blur.RepoWatcher;
				PRODUCT_NAME = "$(TARGET_NAME)";
				SWIFT_EMIT_LOC_STRINGS = YES;
				SWIFT_VERSION = 5.0;
				TARGETED_DEVICE_FAMILY = "1,2";
			};
			name = Release;
		};
		A98D481E2C3B1C6F00FA184F /* Debug */ = {
			isa = XCBuildConfiguration;
			buildSettings = {
				ASSETCATALOG_COMPILER_GLOBAL_ACCENT_COLOR_NAME = AccentColor;
				ASSETCATALOG_COMPILER_WIDGET_BACKGROUND_COLOR_NAME = WidgetBackground;
				CODE_SIGN_STYLE = Automatic;
				CURRENT_PROJECT_VERSION = 1;
				DEVELOPMENT_TEAM = B3YXFTQFW9;
				GENERATE_INFOPLIST_FILE = YES;
				INFOPLIST_FILE = RepoWatcherWidget/Info.plist;
				INFOPLIST_KEY_CFBundleDisplayName = RepoWatcherWidget;
				INFOPLIST_KEY_NSHumanReadableCopyright = "";
				LD_RUNPATH_SEARCH_PATHS = (
					"$(inherited)",
					"@executable_path/Frameworks",
					"@executable_path/../../Frameworks",
				);
				MARKETING_VERSION = 1.0;
				PRODUCT_BUNDLE_IDENTIFIER = app.blur.RepoWatcher.RepoWatcherWidget;
				PRODUCT_NAME = "$(TARGET_NAME)";
				SKIP_INSTALL = YES;
				SWIFT_EMIT_LOC_STRINGS = YES;
				SWIFT_VERSION = 5.0;
				TARGETED_DEVICE_FAMILY = "1,2";
			};
			name = Debug;
		};
		A98D481F2C3B1C6F00FA184F /* Release */ = {
			isa = XCBuildConfiguration;
			buildSettings = {
				ASSETCATALOG_COMPILER_GLOBAL_ACCENT_COLOR_NAME = AccentColor;
				ASSETCATALOG_COMPILER_WIDGET_BACKGROUND_COLOR_NAME = WidgetBackground;
				CODE_SIGN_STYLE = Automatic;
				CURRENT_PROJECT_VERSION = 1;
				DEVELOPMENT_TEAM = B3YXFTQFW9;
				GENERATE_INFOPLIST_FILE = YES;
				INFOPLIST_FILE = RepoWatcherWidget/Info.plist;
				INFOPLIST_KEY_CFBundleDisplayName = RepoWatcherWidget;
				INFOPLIST_KEY_NSHumanReadableCopyright = "";
				LD_RUNPATH_SEARCH_PATHS = (
					"$(inherited)",
					"@executable_path/Frameworks",
					"@executable_path/../../Frameworks",
				);
				MARKETING_VERSION = 1.0;
				PRODUCT_BUNDLE_IDENTIFIER = app.blur.RepoWatcher.RepoWatcherWidget;
				PRODUCT_NAME = "$(TARGET_NAME)";
				SKIP_INSTALL = YES;
				SWIFT_EMIT_LOC_STRINGS = YES;
				SWIFT_VERSION = 5.0;
				TARGETED_DEVICE_FAMILY = "1,2";
			};
			name = Release;
		};
/* End XCBuildConfiguration section */

/* Begin XCConfigurationList section */
		A95CB04C2C39D39D00385DCB /* Build configuration list for PBXProject "RepoWatcher" */ = {
			isa = XCConfigurationList;
			buildConfigurations = (
				A95CB05D2C39D39F00385DCB /* Debug */,
				A95CB05E2C39D39F00385DCB /* Release */,
			);
			defaultConfigurationIsVisible = 0;
			defaultConfigurationName = Release;
		};
		A95CB05F2C39D39F00385DCB /* Build configuration list for PBXNativeTarget "RepoWatcher" */ = {
			isa = XCConfigurationList;
			buildConfigurations = (
				A95CB0602C39D39F00385DCB /* Debug */,
				A95CB0612C39D39F00385DCB /* Release */,
			);
			defaultConfigurationIsVisible = 0;
			defaultConfigurationName = Release;
		};
		A98D48202C3B1C6F00FA184F /* Build configuration list for PBXNativeTarget "RepoWatcherWidgetExtension" */ = {
			isa = XCConfigurationList;
			buildConfigurations = (
				A98D481E2C3B1C6F00FA184F /* Debug */,
				A98D481F2C3B1C6F00FA184F /* Release */,
			);
			defaultConfigurationIsVisible = 0;
			defaultConfigurationName = Release;
		};
/* End XCConfigurationList section */
	};
	rootObject = A95CB0492C39D39D00385DCB /* Project object */;
}
